
Microsoft Visual Studio Solution File, Format Version 12.00
# Visual Studio Version 16
VisualStudioVersion = 16.0.30204.135
MinimumVisualStudioVersion = 10.0.40219.1
Project("{FAE04EC0-301F-11D3-BF4B-00C04F79EFBC}") = "codeFirstApproach", "codeFirstApproach\codeFirstApproach.csproj", "{16364770-8583-489D-9199-58539BFDBDDA}"
EndProject
Global
	GlobalSection(SolutionConfigurationPlatforms) = preSolution
		Debug|Any CPU = Debug|Any CPU
		Release|Any CPU = Release|Any CPU
	EndGlobalSection
	GlobalSection(ProjectConfigurationPlatforms) = postSolution
		{16364770-8583-489D-9199-58539BFDBDDA}.Debug|Any CPU.ActiveCfg = Debug|Any CPU
		{16364770-8583-489D-9199-58539BFDBDDA}.Debug|Any CPU.Build.0 = Debug|Any CPU
		{16364770-8583-489D-9199-58539BFDBDDA}.Release|Any CPU.ActiveCfg = Release|Any CPU
		{16364770-8583-489D-9199-58539BFDBDDA}.Release|Any CPU.Build.0 = Release|Any CPU
	EndGlobalSection
	GlobalSection(SolutionProperties) = preSolution
		HideSolutionNode = FALSE
	EndGlobalSection
	GlobalSection(ExtensibilityGlobals) = postSolution
		SolutionGuid = {ED3E48C2-25D7-48BC-96F2-D97553E6B143}
	EndGlobalSection
EndGlobal
